
Microsoft Visual Studio Solution File, Format Version 12.00
# Visual Studio Version 17
VisualStudioVersion = 17.7.34024.191
MinimumVisualStudioVersion = 10.0.40219.1
Project("{FAE04EC0-301F-11D3-BF4B-00C04F79EFBC}") = "Login and Register System", "Login and Register System\Login and Register System.csproj", "{637FB911-48C5-4242-96DD-E85FA5837F31}"
EndProject
Project("{2150E333-8FDC-42A3-9474-1A3956D46DE8}") = "Solution Items", "Solution Items", "{7282BACA-1D5F-454D-82E8-F6D3520FBC52}"
EndProject
Project("{54435603-DBB4-11D2-8724-00A0C9A8B90C}") = "Amitea Cebu - POS System", "..\..\Executable\Amitea Cebu - POS System\Amitea Cebu - POS System.vdproj", "{66D4EE63-F49C-4838-897C-F7803886D242}"
EndProject
Global
	GlobalSection(SolutionConfigurationPlatforms) = preSolution
		Debug|Any CPU = Debug|Any CPU
		Release|Any CPU = Release|Any CPU
	EndGlobalSection
	GlobalSection(ProjectConfigurationPlatforms) = postSolution
		{637FB911-48C5-4242-96DD-E85FA5837F31}.Debug|Any CPU.ActiveCfg = Debug|Any CPU
		{637FB911-48C5-4242-96DD-E85FA5837F31}.Debug|Any CPU.Build.0 = Debug|Any CPU
		{637FB911-48C5-4242-96DD-E85FA5837F31}.Release|Any CPU.ActiveCfg = Release|Any CPU
		{637FB911-48C5-4242-96DD-E85FA5837F31}.Release|Any CPU.Build.0 = Release|Any CPU
		{66D4EE63-F49C-4838-897C-F7803886D242}.Debug|Any CPU.ActiveCfg = Debug
		{66D4EE63-F49C-4838-897C-F7803886D242}.Release|Any CPU.ActiveCfg = Release
	EndGlobalSection
	GlobalSection(SolutionProperties) = preSolution
		HideSolutionNode = FALSE
	EndGlobalSection
	GlobalSection(ExtensibilityGlobals) = postSolution
		SolutionGuid = {3692583C-C6DA-44ED-A68E-29121335044D}
	EndGlobalSection
EndGlobal
